PODS:
  - Facebook-iOS-SDK (3.11.0)
  - Kiwi/ARC (2.2.3)
  - Kiwi/NonARC (2.2.3)
  - Kiwi/XCTest (2.2.3):
    - Kiwi/ARC
    - Kiwi/NonARC
  - Parse-iOS-SDK (1.2.18):
    - Facebook-iOS-SDK (~> 3.7)
  - PFIncrementalStore (0.0.3):
    - Parse-iOS-SDK

DEPENDENCIES:
  - Kiwi/XCTest
  - PFIncrementalStore (from `../`)

EXTERNAL SOURCES:
  PFIncrementalStore:
    :path: ../

SPEC CHECKSUMS:
  Facebook-iOS-SDK: 2eb12f9ed04f3d3956f0a4fb0e4e60c824dcd101
  Kiwi: 04c51e880831d291748ec702d42c4101f7eb95c9
  Parse-iOS-SDK: 48bfd538a107b6e1f29eebe59fa80c0f0b844dd1
  PFIncrementalStore: b0e1128075bb839fa7422052a86d0bad85106e02

COCOAPODS: 0.29.0
